
Microsoft Visual Studio Solution File, Format Version 11.00
# Visual Studio 2010
Project("{FAE04EC0-301F-11D3-BF4B-00C04F79EFBC}") = "FourEyes", "FourEyes.csproj", "{DED4371E-B92B-46FC-B4A3-B56BCAE12477}"
EndProject
Global
	GlobalSection(SolutionConfigurationPlatforms) = preSolution
		Debug|Any CPU = Debug|Any CPU
		Release|Any CPU = Release|Any CPU
		Test_Win|Any CPU = Test_Win|Any CPU
	EndGlobalSection
	GlobalSection(ProjectConfigurationPlatforms) = postSolution
		{DED4371E-B92B-46FC-B4A3-B56BCAE12477}.Debug|Any CPU.ActiveCfg = Debug|Any CPU
		{DED4371E-B92B-46FC-B4A3-B56BCAE12477}.Debug|Any CPU.Build.0 = Debug|Any CPU
		{DED4371E-B92B-46FC-B4A3-B56BCAE12477}.Release|Any CPU.ActiveCfg = Release|Any CPU
		{DED4371E-B92B-46FC-B4A3-B56BCAE12477}.Release|Any CPU.Build.0 = Release|Any CPU
		{DED4371E-B92B-46FC-B4A3-B56BCAE12477}.Test_Win|Any CPU.ActiveCfg = Test_Win|Any CPU
		{DED4371E-B92B-46FC-B4A3-B56BCAE12477}.Test_Win|Any CPU.Build.0 = Test_Win|Any CPU
	EndGlobalSection
	GlobalSection(MonoDevelopProperties) = preSolution
		StartupItem = FourEyes.csproj
		Policies = $0
		$0.DotNetNamingPolicy = $1
		$1.DirectoryNamespaceAssociation = None
		$1.ResourceNamePolicy = FileFormatDefault
	EndGlobalSection
EndGlobal
